
Microsoft Visual Studio Solution File, Format Version 12.00
# Visual Studio 15
Project("{FAE04EC0-301F-11D3-BF4B-00C04F79EFBC}") = "Assembly-CSharp", "Assembly-CSharp.csproj", "{ABCFC498-FA68-24AD-8AD1-E146DBAFA617}"
EndProject
Project("{FAE04EC0-301F-11D3-BF4B-00C04F79EFBC}") = "Assembly-CSharp-Editor", "Assembly-CSharp-Editor.csproj", "{F296D602-6B90-D477-C38A-4D6DDAA37031}"
EndProject
Global
	GlobalSection(SolutionConfigurationPlatforms) = preSolution
		Debug|Any CPU = Debug|Any CPU
		Release|Any CPU = Release|Any CPU
	EndGlobalSection
	GlobalSection(ProjectConfigurationPlatforms) = postSolution
		{ABCFC498-FA68-24AD-8AD1-E146DBAFA617}.Debug|Any CPU.ActiveCfg = Debug|Any CPU
		{ABCFC498-FA68-24AD-8AD1-E146DBAFA617}.Debug|Any CPU.Build.0 = Debug|Any CPU
		{ABCFC498-FA68-24AD-8AD1-E146DBAFA617}.Release|Any CPU.ActiveCfg = Release|Any CPU
		{ABCFC498-FA68-24AD-8AD1-E146DBAFA617}.Release|Any CPU.Build.0 = Release|Any CPU
		{F296D602-6B90-D477-C38A-4D6DDAA37031}.Debug|Any CPU.ActiveCfg = Debug|Any CPU
		{F296D602-6B90-D477-C38A-4D6DDAA37031}.Debug|Any CPU.Build.0 = Debug|Any CPU
		{F296D602-6B90-D477-C38A-4D6DDAA37031}.Release|Any CPU.ActiveCfg = Release|Any CPU
		{F296D602-6B90-D477-C38A-4D6DDAA37031}.Release|Any CPU.Build.0 = Release|Any CPU
	EndGlobalSection
	GlobalSection(SolutionProperties) = preSolution
		HideSolutionNode = FALSE
	EndGlobalSection
EndGlobal
